
Microsoft Visual Studio Solution File, Format Version 12.00
# Visual Studio Version 17
VisualStudioVersion = 17.0.32014.148
MinimumVisualStudioVersion = 10.0.40219.1
Project("{9A19103F-16F7-4668-BE54-9A1E7A4F7556}") = "BulkyBookWeb", "BulkyBookWeb\BulkyBookWeb.csproj", "{103D924F-4209-469C-88D1-44FE2CE97B3B}"
EndProject
Project("{FAE04EC0-301F-11D3-BF4B-00C04F79EFBC}") = "BulkyBook.DataAccess", "BulkyBook.DataAccess\BulkyBook.DataAccess.csproj", "{4F9449EB-1AB0-4D1E-A41C-138E0169EAD4}"
EndProject
Project("{FAE04EC0-301F-11D3-BF4B-00C04F79EFBC}") = "BulkyBook.Models", "BulkyBook.Models\BulkyBook.Models.csproj", "{FED30B27-523A-4400-AD5D-6623E623766E}"
EndProject
Project("{FAE04EC0-301F-11D3-BF4B-00C04F79EFBC}") = "BulkyBook.Utility", "BulkyBook.Utility\BulkyBook.Utility.csproj", "{9AF4B10D-CEEC-4935-B5F1-352A0A0C614C}"
EndProject
Global
	GlobalSection(SolutionConfigurationPlatforms) = preSolution
		Debug|Any CPU = Debug|Any CPU
		Release|Any CPU = Release|Any CPU
	EndGlobalSection
	GlobalSection(ProjectConfigurationPlatforms) = postSolution
		{103D924F-4209-469C-88D1-44FE2CE97B3B}.Debug|Any CPU.ActiveCfg = Debug|Any CPU
		{103D924F-4209-469C-88D1-44FE2CE97B3B}.Debug|Any CPU.Build.0 = Debug|Any CPU
		{103D924F-4209-469C-88D1-44FE2CE97B3B}.Release|Any CPU.ActiveCfg = Release|Any CPU
		{103D924F-4209-469C-88D1-44FE2CE97B3B}.Release|Any CPU.Build.0 = Release|Any CPU
		{4F9449EB-1AB0-4D1E-A41C-138E0169EAD4}.Debug|Any CPU.ActiveCfg = Debug|Any CPU
		{4F9449EB-1AB0-4D1E-A41C-138E0169EAD4}.Debug|Any CPU.Build.0 = Debug|Any CPU
		{4F9449EB-1AB0-4D1E-A41C-138E0169EAD4}.Release|Any CPU.ActiveCfg = Release|Any CPU
		{4F9449EB-1AB0-4D1E-A41C-138E0169EAD4}.Release|Any CPU.Build.0 = Release|Any CPU
		{FED30B27-523A-4400-AD5D-6623E623766E}.Debug|Any CPU.ActiveCfg = Debug|Any CPU
		{FED30B27-523A-4400-AD5D-6623E623766E}.Debug|Any CPU.Build.0 = Debug|Any CPU
		{FED30B27-523A-4400-AD5D-6623E623766E}.Release|Any CPU.ActiveCfg = Release|Any CPU
		{FED30B27-523A-4400-AD5D-6623E623766E}.Release|Any CPU.Build.0 = Release|Any CPU
		{9AF4B10D-CEEC-4935-B5F1-352A0A0C614C}.Debug|Any CPU.ActiveCfg = Debug|Any CPU
		{9AF4B10D-CEEC-4935-B5F1-352A0A0C614C}.Debug|Any CPU.Build.0 = Debug|Any CPU
		{9AF4B10D-CEEC-4935-B5F1-352A0A0C614C}.Release|Any CPU.ActiveCfg = Release|Any CPU
		{9AF4B10D-CEEC-4935-B5F1-352A0A0C614C}.Release|Any CPU.Build.0 = Release|Any CPU
	EndGlobalSection
	GlobalSection(SolutionProperties) = preSolution
		HideSolutionNode = FALSE
	EndGlobalSection
	GlobalSection(ExtensibilityGlobals) = postSolution
		SolutionGuid = {62D963C5-7837-445F-8D6B-506D91C5DE6C}
	EndGlobalSection
EndGlobal
